
Microsoft Visual Studio Solution File, Format Version 12.00
# Visual Studio 2012
Project("{FAE04EC0-301F-11D3-BF4B-00C04F79EFBC}") = "FolderListener.Console", "FolderListener.Console\FolderListener.Console.csproj", "{A0D00D21-AECD-44A5-9A40-6CC7857304A1}"
EndProject
Project("{FAE04EC0-301F-11D3-BF4B-00C04F79EFBC}") = "FolderListener.Core", "FolderListener.Core\FolderListener.Core.csproj", "{26B00740-3101-4CA2-A64F-CAC87D08E985}"
EndProject
Global
	GlobalSection(SolutionConfigurationPlatforms) = preSolution
		Debug|Any CPU = Debug|Any CPU
		Release|Any CPU = Release|Any CPU
	EndGlobalSection
	GlobalSection(ProjectConfigurationPlatforms) = postSolution
		{A0D00D21-AECD-44A5-9A40-6CC7857304A1}.Debug|Any CPU.ActiveCfg = Debug|Any CPU
		{A0D00D21-AECD-44A5-9A40-6CC7857304A1}.Debug|Any CPU.Build.0 = Debug|Any CPU
		{A0D00D21-AECD-44A5-9A40-6CC7857304A1}.Release|Any CPU.ActiveCfg = Release|Any CPU
		{A0D00D21-AECD-44A5-9A40-6CC7857304A1}.Release|Any CPU.Build.0 = Release|Any CPU
		{26B00740-3101-4CA2-A64F-CAC87D08E985}.Debug|Any CPU.ActiveCfg = Debug|Any CPU
		{26B00740-3101-4CA2-A64F-CAC87D08E985}.Debug|Any CPU.Build.0 = Debug|Any CPU
		{26B00740-3101-4CA2-A64F-CAC87D08E985}.Release|Any CPU.ActiveCfg = Release|Any CPU
		{26B00740-3101-4CA2-A64F-CAC87D08E985}.Release|Any CPU.Build.0 = Release|Any CPU
	EndGlobalSection
EndGlobal
